
Microsoft Visual Studio Solution File, Format Version 12.00
# Visual Studio Version 16
VisualStudioVersion = 16.0.30104.148
MinimumVisualStudioVersion = 10.0.40219.1
Project("{FAE04EC0-301F-11D3-BF4B-00C04F79EFBC}") = "DesktopHeadHanter", "DesktopHeadHanter\DesktopHeadHanter.csproj", "{CC00106D-E8C6-4361-90E4-E61F1B64988D}"
EndProject
Global
	GlobalSection(SolutionConfigurationPlatforms) = preSolution
		Debug|Any CPU = Debug|Any CPU
		Release|Any CPU = Release|Any CPU
	EndGlobalSection
	GlobalSection(ProjectConfigurationPlatforms) = postSolution
		{CC00106D-E8C6-4361-90E4-E61F1B64988D}.Debug|Any CPU.ActiveCfg = Debug|Any CPU
		{CC00106D-E8C6-4361-90E4-E61F1B64988D}.Debug|Any CPU.Build.0 = Debug|Any CPU
		{CC00106D-E8C6-4361-90E4-E61F1B64988D}.Release|Any CPU.ActiveCfg = Release|Any CPU
		{CC00106D-E8C6-4361-90E4-E61F1B64988D}.Release|Any CPU.Build.0 = Release|Any CPU
	EndGlobalSection
	GlobalSection(SolutionProperties) = preSolution
		HideSolutionNode = FALSE
	EndGlobalSection
	GlobalSection(ExtensibilityGlobals) = postSolution
		SolutionGuid = {2731FE39-CE51-4826-B71F-8161B7B08CF1}
	EndGlobalSection
EndGlobal
